// !$*UTF8*$!
{
	archiveVersion = 1;
	classes = {
	};
	objectVersion = 45;
	objects = {

/* Begin PBXBuildFile section */
		1D3623260D0F684500981E51 /* CS247_iPadAppDelegate.m in Sources */ = {isa = PBXBuildFile; fileRef = 1D3623250D0F684500981E51 /* CS247_iPadAppDelegate.m */; };
		1D60589B0D05DD56006BFB54 /* main.m in Sources */ = {isa = PBXBuildFile; fileRef = 29B97316FDCFA39411CA2CEA /* main.m */; };
		1D60589F0D05DD5A006BFB54 /* Foundation.framework in Frameworks */ = {isa = PBXBuildFile; fileRef = 1D30AB110D05D00D00671497 /* Foundation.framework */; };
		1DF5F4E00D08C38300B7A737 /* UIKit.framework in Frameworks */ = {isa = PBXBuildFile; fileRef = 1DF5F4DF0D08C38300B7A737 /* UIKit.framework */; };
		288765A50DF7441C002DB57D /* CoreGraphics.framework in Frameworks */ = {isa = PBXBuildFile; fileRef = 288765A40DF7441C002DB57D /* CoreGraphics.framework */; };
		2899E5220DE3E06400AC0155 /* CS247_iPadViewController.xib in Resources */ = {isa = PBXBuildFile; fileRef = 2899E5210DE3E06400AC0155 /* CS247_iPadViewController.xib */; };
		28AD733F0D9D9553002E5188 /* MainWindow.xib in Resources */ = {isa = PBXBuildFile; fileRef = 28AD733E0D9D9553002E5188 /* MainWindow.xib */; };
		28D7ACF80DDB3853001CB0EB /* CS247_iPadViewController.m in Sources */ = {isa = PBXBuildFile; fileRef = 28D7ACF70DDB3853001CB0EB /* CS247_iPadViewController.m */; };
		7C8746B9130D3E46009064D6 /* AVFoundation.framework in Frameworks */ = {isa = PBXBuildFile; fileRef = 7C8746B8130D3E46009064D6 /* AVFoundation.framework */; };
		7C9FD9A5131FA7A500FB8BD1 /* save.png in Resources */ = {isa = PBXBuildFile; fileRef = 7C9FD9A4131FA7A500FB8BD1 /* save.png */; };
		7CC3E392131C1F610022EC11 /* CS247_iPad.xcdatamodeld in Sources */ = {isa = PBXBuildFile; fileRef = 7CC3E390131C1F610022EC11 /* CS247_iPad.xcdatamodeld */; };
		7CCEEB8B131B7FA4004EAD52 /* play-active.png in Resources */ = {isa = PBXBuildFile; fileRef = 7CCEEB8A131B7FA4004EAD52 /* play-active.png */; };
		7CCEEB8D131B7FB2004EAD52 /* rewind-active.png in Resources */ = {isa = PBXBuildFile; fileRef = 7CCEEB8C131B7FB2004EAD52 /* rewind-active.png */; };
		7CCEEB8F131B7FB9004EAD52 /* record-active.png in Resources */ = {isa = PBXBuildFile; fileRef = 7CCEEB8E131B7FB9004EAD52 /* record-active.png */; };
		7CCEEB91131B7FDE004EAD52 /* stop-active.png in Resources */ = {isa = PBXBuildFile; fileRef = 7CCEEB90131B7FDE004EAD52 /* stop-active.png */; };
		7CCEEB99131B888A004EAD52 /* trashcan.png in Resources */ = {isa = PBXBuildFile; fileRef = 7CCEEB98131B888A004EAD52 /* trashcan.png */; };
		7CDC042F130CE3B400EA9A46 /* CoreData.framework in Frameworks */ = {isa = PBXBuildFile; fileRef = 7CDC042E130CE3B400EA9A46 /* CoreData.framework */; };
		7CDC04AB130CECF800EA9A46 /* Background.m in Sources */ = {isa = PBXBuildFile; fileRef = 7CDC04A5130CECF800EA9A46 /* Background.m */; };
		7CDC04AC130CECF800EA9A46 /* Character.m in Sources */ = {isa = PBXBuildFile; fileRef = 7CDC04A7130CECF800EA9A46 /* Character.m */; };
		7CDC04DE130CF50A00EA9A46 /* Scene.m in Sources */ = {isa = PBXBuildFile; fileRef = 7CDC04DD130CF50A00EA9A46 /* Scene.m */; };
		928C522B132B5CDA00350205 /* 72pxicon.png in Resources */ = {isa = PBXBuildFile; fileRef = 928C522A132B5CDA00350205 /* 72pxicon.png */; };
		92A3BD12130CEC760066430F /* TouchImageView.m in Sources */ = {isa = PBXBuildFile; fileRef = 92A3BD11130CEC760066430F /* TouchImageView.m */; };
		92A3BD15130CECB80066430F /* TouchImageView_Private.m in Sources */ = {isa = PBXBuildFile; fileRef = 92A3BD14130CECB80066430F /* TouchImageView_Private.m */; };
		92A3BD4D130D009C0066430F /* castle.png in Resources */ = {isa = PBXBuildFile; fileRef = 92A3BD4C130D009C0066430F /* castle.png */; };
		92A3BD5D130D042E0066430F /* connect.png in Resources */ = {isa = PBXBuildFile; fileRef = 92A3BD5C130D042E0066430F /* connect.png */; };
		92A3BDE4130D1F7D0066430F /* 72pxicon.png in Resources */ = {isa = PBXBuildFile; fileRef = 92A3BDE3130D1F7D0066430F /* 72pxicon.png */; };
		92A3BE2C130D26160066430F /* recess.jpg in Resources */ = {isa = PBXBuildFile; fileRef = 92A3BE2B130D26160066430F /* recess.jpg */; };
		92A3BE5C130D310B0066430F /* stopbutton.png in Resources */ = {isa = PBXBuildFile; fileRef = 92A3BE59130D310B0066430F /* stopbutton.png */; };
		92A3BE5D130D310B0066430F /* playbutton.png in Resources */ = {isa = PBXBuildFile; fileRef = 92A3BE5A130D310B0066430F /* playbutton.png */; };
		92A3BE5E130D310B0066430F /* recbutton.png in Resources */ = {isa = PBXBuildFile; fileRef = 92A3BE5B130D310B0066430F /* recbutton.png */; };
		92A4ADA7132D8CFD00BAE3AF /* face_story_logo.png in Resources */ = {isa = PBXBuildFile; fileRef = 92A4ADA6132D8CFD00BAE3AF /* face_story_logo.png */; };
		92A4ADB5132DBE8D00BAE3AF /* home.png in Resources */ = {isa = PBXBuildFile; fileRef = 92A4ADB4132DBE8D00BAE3AF /* home.png */; };
		92B1824C13288F3A00B23C53 /* MainMenuViewController.m in Sources */ = {isa = PBXBuildFile; fileRef = 92B1824A13288F3A00B23C53 /* MainMenuViewController.m */; };
		92B1824D13288F3A00B23C53 /* MainMenuViewController.xib in Resources */ = {isa = PBXBuildFile; fileRef = 92B1824B13288F3A00B23C53 /* MainMenuViewController.xib */; };
		92B182501328903500B23C53 /* recess2.jpg in Resources */ = {isa = PBXBuildFile; fileRef = 92B1824F1328903500B23C53 /* recess2.jpg */; };
		92B18253132890F400B23C53 /* new_story.png in Resources */ = {isa = PBXBuildFile; fileRef = 92B18251132890F400B23C53 /* new_story.png */; };
		92B18254132890F400B23C53 /* open_story.png in Resources */ = {isa = PBXBuildFile; fileRef = 92B18252132890F400B23C53 /* open_story.png */; };
		92B182591328940400B23C53 /* sunny-field-bg.png in Resources */ = {isa = PBXBuildFile; fileRef = 92B182571328940400B23C53 /* sunny-field-bg.png */; };
		92B1825A1328940400B23C53 /* space-bg.png in Resources */ = {isa = PBXBuildFile; fileRef = 92B182581328940400B23C53 /* space-bg.png */; };
		92B182821328AF0300B23C53 /* homebutton.png in Resources */ = {isa = PBXBuildFile; fileRef = 92B182811328AF0300B23C53 /* homebutton.png */; };
		92D69CC61303B32E00A8BBDA /* GameKit.framework in Frameworks */ = {isa = PBXBuildFile; fileRef = 92D69CC51303B32E00A8BBDA /* GameKit.framework */; };
		92D69CCE1303B3C800A8BBDA /* GameKitCommunicatorViewController.m in Sources */ = {isa = PBXBuildFile; fileRef = 92D69CCC1303B3C800A8BBDA /* GameKitCommunicatorViewController.m */; };
		92D69CCF1303B3C800A8BBDA /* GameKitCommunicatorViewController.xib in Resources */ = {isa = PBXBuildFile; fileRef = 92D69CCD1303B3C800A8BBDA /* GameKitCommunicatorViewController.xib */; };
		92F02D1E13161E7600D34CD8 /* stop2.png in Resources */ = {isa = PBXBuildFile; fileRef = 92F02D1D13161E7600D34CD8 /* stop2.png */; };
		92F02D2013161E7E00D34CD8 /* record2.png in Resources */ = {isa = PBXBuildFile; fileRef = 92F02D1F13161E7E00D34CD8 /* record2.png */; };
		92F02D2313161F2600D34CD8 /* stop3.png in Resources */ = {isa = PBXBuildFile; fileRef = 92F02D2213161F2600D34CD8 /* stop3.png */; };
		92F02D2713161FE800D34CD8 /* music.png in Resources */ = {isa = PBXBuildFile; fileRef = 92F02D2413161FE800D34CD8 /* music.png */; };
		92F02D2813161FE800D34CD8 /* play2.png in Resources */ = {isa = PBXBuildFile; fileRef = 92F02D2513161FE800D34CD8 /* play2.png */; };
		92F02D2913161FE800D34CD8 /* rewind.png in Resources */ = {isa = PBXBuildFile; fileRef = 92F02D2613161FE800D34CD8 /* rewind.png */; };
		92F02E0813165E8900D34CD8 /* ocean_bg.png in Resources */ = {isa = PBXBuildFile; fileRef = 92F02E0713165E8900D34CD8 /* ocean_bg.png */; };
/* End PBXBuildFile section */

/* Begin PBXFileReference section */
		1D30AB110D05D00D00671497 /* Foundation.framework */ = {isa = PBXFileReference; lastKnownFileType = wrapper.framework; name = Foundation.framework; path = System/Library/Frameworks/Foundation.framework; sourceTree = SDKROOT; };
		1D3623240D0F684500981E51 /* CS247_iPadAppDelegate.h */ = {isa = PBXFileReference; fileEncoding = 4; lastKnownFileType = sourcecode.c.h; path = CS247_iPadAppDelegate.h; sourceTree = "<group>"; };
		1D3623250D0F684500981E51 /* CS247_iPadAppDelegate.m */ = {isa = PBXFileReference; fileEncoding = 4; lastKnownFileType = sourcecode.c.objc; path = CS247_iPadAppDelegate.m; sourceTree = "<group>"; };
		1D6058910D05DD3D006BFB54 /* CS247_iPad.app */ = {isa = PBXFileReference; explicitFileType = wrapper.application; includeInIndex = 0; path = CS247_iPad.app; sourceTree = BUILT_PRODUCTS_DIR; };
		1DF5F4DF0D08C38300B7A737 /* UIKit.framework */ = {isa = PBXFileReference; lastKnownFileType = wrapper.framework; name = UIKit.framework; path = System/Library/Frameworks/UIKit.framework; sourceTree = SDKROOT; };
		288765A40DF7441C002DB57D /* CoreGraphics.framework */ = {isa = PBXFileReference; lastKnownFileType = wrapper.framework; name = CoreGraphics.framework; path = System/Library/Frameworks/CoreGraphics.framework; sourceTree = SDKROOT; };
		2899E5210DE3E06400AC0155 /* CS247_iPadViewController.xib */ = {isa = PBXFileReference; lastKnownFileType = file.xib; path = CS247_iPadViewController.xib; sourceTree = "<group>"; };
		28AD733E0D9D9553002E5188 /* MainWindow.xib */ = {isa = PBXFileReference; lastKnownFileType = file.xib; path = MainWindow.xib; sourceTree = "<group>"; };
		28D7ACF60DDB3853001CB0EB /* CS247_iPadViewController.h */ = {isa = PBXFileReference; fileEncoding = 4; lastKnownFileType = sourcecode.c.h; path = CS247_iPadViewController.h; sourceTree = "<group>"; };
		28D7ACF70DDB3853001CB0EB /* CS247_iPadViewController.m */ = {isa = PBXFileReference; fileEncoding = 4; lastKnownFileType = sourcecode.c.objc; path = CS247_iPadViewController.m; sourceTree = "<group>"; };
		29B97316FDCFA39411CA2CEA /* main.m */ = {isa = PBXFileReference; fileEncoding = 4; lastKnownFileType = sourcecode.c.objc; path = main.m; sourceTree = "<group>"; };
		32CA4F630368D1EE00C91783 /* CS247_iPad_Prefix.pch */ = {isa = PBXFileReference; fileEncoding = 4; lastKnownFileType = sourcecode.c.h; path = CS247_iPad_Prefix.pch; sourceTree = "<group>"; };
		7C8746B8130D3E46009064D6 /* AVFoundation.framework */ = {isa = PBXFileReference; lastKnownFileType = wrapper.framework; name = AVFoundation.framework; path = System/Library/Frameworks/AVFoundation.framework; sourceTree = SDKROOT; };
		7C9FD9A4131FA7A500FB8BD1 /* save.png */ = {isa = PBXFileReference; lastKnownFileType = image.png; path = save.png; sourceTree = "<group>"; };
		7CC3E391131C1F610022EC11 /* CS247_iPad.xcdatamodel */ = {isa = PBXFileReference; fileEncoding = 4; lastKnownFileType = wrapper.xcdatamodel; path = CS247_iPad.xcdatamodel; sourceTree = "<group>"; };
		7CCEEB8A131B7FA4004EAD52 /* play-active.png */ = {isa = PBXFileReference; lastKnownFileType = image.png; path = "play-active.png"; sourceTree = "<group>"; };
		7CCEEB8C131B7FB2004EAD52 /* rewind-active.png */ = {isa = PBXFileReference; lastKnownFileType = image.png; path = "rewind-active.png"; sourceTree = "<group>"; };
		7CCEEB8E131B7FB9004EAD52 /* record-active.png */ = {isa = PBXFileReference; lastKnownFileType = image.png; path = "record-active.png"; sourceTree = "<group>"; };
		7CCEEB90131B7FDE004EAD52 /* stop-active.png */ = {isa = PBXFileReference; lastKnownFileType = image.png; path = "stop-active.png"; sourceTree = "<group>"; };
		7CCEEB98131B888A004EAD52 /* trashcan.png */ = {isa = PBXFileReference; lastKnownFileType = image.png; path = trashcan.png; sourceTree = "<group>"; };
		7CDC042E130CE3B400EA9A46 /* CoreData.framework */ = {isa = PBXFileReference; lastKnownFileType = wrapper.framework; name = CoreData.framework; path = System/Library/Frameworks/CoreData.framework; sourceTree = SDKROOT; };
		7CDC04A5130CECF800EA9A46 /* Background.m */ = {isa = PBXFileReference; fileEncoding = 4; lastKnownFileType = sourcecode.c.objc; path = Background.m; sourceTree = "<group>"; };
		7CDC04A6130CECF800EA9A46 /* Background.h */ = {isa = PBXFileReference; fileEncoding = 4; lastKnownFileType = sourcecode.c.h; path = Background.h; sourceTree = "<group>"; };
		7CDC04A7130CECF800EA9A46 /* Character.m */ = {isa = PBXFileReference; fileEncoding = 4; lastKnownFileType = sourcecode.c.objc; path = Character.m; sourceTree = "<group>"; };
		7CDC04A8130CECF800EA9A46 /* Character.h */ = {isa = PBXFileReference; fileEncoding = 4; lastKnownFileType = sourcecode.c.h; path = Character.h; sourceTree = "<group>"; };
		7CDC04DC130CF50A00EA9A46 /* Scene.h */ = {isa = PBXFileReference; fileEncoding = 4; lastKnownFileType = sourcecode.c.h; path = Scene.h; sourceTree = "<group>"; };
		7CDC04DD130CF50A00EA9A46 /* Scene.m */ = {isa = PBXFileReference; fileEncoding = 4; lastKnownFileType = sourcecode.c.objc; path = Scene.m; sourceTree = "<group>"; };
		8D1107310486CEB800E47090 /* CS247_iPad-Info.plist */ = {isa = PBXFileReference; fileEncoding = 4; lastKnownFileType = text.plist.xml; path = "CS247_iPad-Info.plist"; plistStructureDefinitionIdentifier = "com.apple.xcode.plist.structure-definition.iphone.info-plist"; sourceTree = "<group>"; };
		928C522A132B5CDA00350205 /* 72pxicon.png */ = {isa = PBXFileReference; lastKnownFileType = image.png; path = 72pxicon.png; sourceTree = "<group>"; };
		92A3BD10130CEC760066430F /* TouchImageView.h */ = {isa = PBXFileReference; fileEncoding = 4; lastKnownFileType = sourcecode.c.h; path = TouchImageView.h; sourceTree = "<group>"; };
		92A3BD11130CEC760066430F /* TouchImageView.m */ = {isa = PBXFileReference; fileEncoding = 4; lastKnownFileType = sourcecode.c.objc; path = TouchImageView.m; sourceTree = "<group>"; };
		92A3BD13130CECB80066430F /* TouchImageView_Private.h */ = {isa = PBXFileReference; fileEncoding = 4; lastKnownFileType = sourcecode.c.h; path = TouchImageView_Private.h; sourceTree = "<group>"; };
		92A3BD14130CECB80066430F /* TouchImageView_Private.m */ = {isa = PBXFileReference; fileEncoding = 4; lastKnownFileType = sourcecode.c.objc; path = TouchImageView_Private.m; sourceTree = "<group>"; };
		92A3BD4C130D009C0066430F /* castle.png */ = {isa = PBXFileReference; lastKnownFileType = image.png; path = castle.png; sourceTree = "<group>"; };
		92A3BD5C130D042E0066430F /* connect.png */ = {isa = PBXFileReference; lastKnownFileType = image.png; path = connect.png; sourceTree = "<group>"; };
		92A3BDE3130D1F7D0066430F /* 72pxicon.png */ = {isa = PBXFileReference; lastKnownFileType = image.png; path = 72pxicon.png; sourceTree = "<group>"; };
		92A3BE2B130D26160066430F /* recess.jpg */ = {isa = PBXFileReference; lastKnownFileType = image.jpeg; path = recess.jpg; sourceTree = "<group>"; };
		92A3BE59130D310B0066430F /* stopbutton.png */ = {isa = PBXFileReference; lastKnownFileType = image.png; path = stopbutton.png; sourceTree = "<group>"; };
		92A3BE5A130D310B0066430F /* playbutton.png */ = {isa = PBXFileReference; lastKnownFileType = image.png; path = playbutton.png; sourceTree = "<group>"; };
		92A3BE5B130D310B0066430F /* recbutton.png */ = {isa = PBXFileReference; lastKnownFileType = image.png; path = recbutton.png; sourceTree = "<group>"; };
		92A4ADA6132D8CFD00BAE3AF /* face_story_logo.png */ = {isa = PBXFileReference; lastKnownFileType = image.png; path = face_story_logo.png; sourceTree = "<group>"; };
		92A4ADB4132DBE8D00BAE3AF /* home.png */ = {isa = PBXFileReference; lastKnownFileType = image.png; path = home.png; sourceTree = "<group>"; };
		92B1824913288F3A00B23C53 /* MainMenuViewController.h */ = {isa = PBXFileReference; fileEncoding = 4; lastKnownFileType = sourcecode.c.h; path = MainMenuViewController.h; sourceTree = "<group>"; };
		92B1824A13288F3A00B23C53 /* MainMenuViewController.m */ = {isa = PBXFileReference; fileEncoding = 4; lastKnownFileType = sourcecode.c.objc; path = MainMenuViewController.m; sourceTree = "<group>"; };
		92B1824B13288F3A00B23C53 /* MainMenuViewController.xib */ = {isa = PBXFileReference; lastKnownFileType = file.xib; path = MainMenuViewController.xib; sourceTree = "<group>"; };
		92B1824F1328903500B23C53 /* recess2.jpg */ = {isa = PBXFileReference; lastKnownFileType = image.jpeg; path = recess2.jpg; sourceTree = "<group>"; };
		92B18251132890F400B23C53 /* new_story.png */ = {isa = PBXFileReference; lastKnownFileType = image.png; path = new_story.png; sourceTree = "<group>"; };
		92B18252132890F400B23C53 /* open_story.png */ = {isa = PBXFileReference; lastKnownFileType = image.png; path = open_story.png; sourceTree = "<group>"; };
		92B182571328940400B23C53 /* sunny-field-bg.png */ = {isa = PBXFileReference; lastKnownFileType = image.png; path = "sunny-field-bg.png"; sourceTree = "<group>"; };
		92B182581328940400B23C53 /* space-bg.png */ = {isa = PBXFileReference; lastKnownFileType = image.png; path = "space-bg.png"; sourceTree = "<group>"; };
		92B182811328AF0300B23C53 /* homebutton.png */ = {isa = PBXFileReference; lastKnownFileType = image.png; path = homebutton.png; sourceTree = "<group>"; };
		92D0AEFB131F9FE20020CA51 /* trashcan.png */ = {isa = PBXFileReference; lastKnownFileType = image.png; path = trashcan.png; sourceTree = "<group>"; };
		92D69CC51303B32E00A8BBDA /* GameKit.framework */ = {isa = PBXFileReference; lastKnownFileType = wrapper.framework; name = GameKit.framework; path = System/Library/Frameworks/GameKit.framework; sourceTree = SDKROOT; };
		92D69CCB1303B3C800A8BBDA /* GameKitCommunicatorViewController.h */ = {isa = PBXFileReference; fileEncoding = 4; lastKnownFileType = sourcecode.c.h; path = GameKitCommunicatorViewController.h; sourceTree = "<group>"; };
		92D69CCC1303B3C800A8BBDA /* GameKitCommunicatorViewController.m */ = {isa = PBXFileReference; fileEncoding = 4; lastKnownFileType = sourcecode.c.objc; path = GameKitCommunicatorViewController.m; sourceTree = "<group>"; };
		92D69CCD1303B3C800A8BBDA /* GameKitCommunicatorViewController.xib */ = {isa = PBXFileReference; lastKnownFileType = file.xib; path = GameKitCommunicatorViewController.xib; sourceTree = "<group>"; };
		92F02D1D13161E7600D34CD8 /* stop2.png */ = {isa = PBXFileReference; lastKnownFileType = image.png; path = stop2.png; sourceTree = "<group>"; };
		92F02D1F13161E7E00D34CD8 /* record2.png */ = {isa = PBXFileReference; lastKnownFileType = image.png; path = record2.png; sourceTree = "<group>"; };
		92F02D2213161F2600D34CD8 /* stop3.png */ = {isa = PBXFileReference; lastKnownFileType = image.png; path = stop3.png; sourceTree = "<group>"; };
		92F02D2413161FE800D34CD8 /* music.png */ = {isa = PBXFileReference; lastKnownFileType = image.png; path = music.png; sourceTree = "<group>"; };
		92F02D2513161FE800D34CD8 /* play2.png */ = {isa = PBXFileReference; lastKnownFileType = image.png; path = play2.png; sourceTree = "<group>"; };
		92F02D2613161FE800D34CD8 /* rewind.png */ = {isa = PBXFileReference; lastKnownFileType = image.png; path = rewind.png; sourceTree = "<group>"; };
		92F02E0713165E8900D34CD8 /* ocean_bg.png */ = {isa = PBXFileReference; lastKnownFileType = image.png; path = ocean_bg.png; sourceTree = "<group>"; };
/* End PBXFileReference section */

/* Begin PBXFrameworksBuildPhase section */
		1D60588F0D05DD3D006BFB54 /* Frameworks */ = {
			isa = PBXFrameworksBuildPhase;
			buildActionMask = 2147483647;
			files = (
				1D60589F0D05DD5A006BFB54 /* Foundation.framework in Frameworks */,
				1DF5F4E00D08C38300B7A737 /* UIKit.framework in Frameworks */,
				288765A50DF7441C002DB57D /* CoreGraphics.framework in Frameworks */,
				92D69CC61303B32E00A8BBDA /* GameKit.framework in Frameworks */,
				7CDC042F130CE3B400EA9A46 /* CoreData.framework in Frameworks */,
				7C8746B9130D3E46009064D6 /* AVFoundation.framework in Frameworks */,
			);
			runOnlyForDeploymentPostprocessing = 0;
		};
/* End PBXFrameworksBuildPhase section */

/* Begin PBXGroup section */
		080E96DDFE201D6D7F000001 /* Classes */ = {
			isa = PBXGroup;
			children = (
				1D3623240D0F684500981E51 /* CS247_iPadAppDelegate.h */,
				1D3623250D0F684500981E51 /* CS247_iPadAppDelegate.m */,
				28D7ACF60DDB3853001CB0EB /* CS247_iPadViewController.h */,
				28D7ACF70DDB3853001CB0EB /* CS247_iPadViewController.m */,
				92D69CCB1303B3C800A8BBDA /* GameKitCommunicatorViewController.h */,
				92D69CCC1303B3C800A8BBDA /* GameKitCommunicatorViewController.m */,
				92D69CCD1303B3C800A8BBDA /* GameKitCommunicatorViewController.xib */,
				92B1824913288F3A00B23C53 /* MainMenuViewController.h */,
				92B1824A13288F3A00B23C53 /* MainMenuViewController.m */,
				92B1824B13288F3A00B23C53 /* MainMenuViewController.xib */,
				92A3BD10130CEC760066430F /* TouchImageView.h */,
				92A3BD11130CEC760066430F /* TouchImageView.m */,
			);
			path = Classes;
			sourceTree = "<group>";
		};
		19C28FACFE9D520D11CA2CBB /* Products */ = {
			isa = PBXGroup;
			children = (
				1D6058910D05DD3D006BFB54 /* CS247_iPad.app */,
			);
			name = Products;
			sourceTree = "<group>";
		};
		29B97314FDCFA39411CA2CEA /* CustomTemplate */ = {
			isa = PBXGroup;
			children = (
				080E96DDFE201D6D7F000001 /* Classes */,
				29B97315FDCFA39411CA2CEA /* Other Sources */,
				29B97317FDCFA39411CA2CEA /* Resources */,
				29B97323FDCFA39411CA2CEA /* Frameworks */,
				19C28FACFE9D520D11CA2CBB /* Products */,
				7C8746B8130D3E46009064D6 /* AVFoundation.framework */,
			);
			name = CustomTemplate;
			sourceTree = "<group>";
		};
		29B97315FDCFA39411CA2CEA /* Other Sources */ = {
			isa = PBXGroup;
			children = (
				7CDC04DC130CF50A00EA9A46 /* Scene.h */,
				7CDC04DD130CF50A00EA9A46 /* Scene.m */,
				7CDC04A5130CECF800EA9A46 /* Background.m */,
				7CDC04A6130CECF800EA9A46 /* Background.h */,
				7CDC04A8130CECF800EA9A46 /* Character.h */,
				7CDC04A7130CECF800EA9A46 /* Character.m */,
				92A3BD13130CECB80066430F /* TouchImageView_Private.h */,
				92A3BD14130CECB80066430F /* TouchImageView_Private.m */,
				32CA4F630368D1EE00C91783 /* CS247_iPad_Prefix.pch */,
				29B97316FDCFA39411CA2CEA /* main.m */,
			);
			name = "Other Sources";
			sourceTree = "<group>";
		};
		29B97317FDCFA39411CA2CEA /* Resources */ = {
			isa = PBXGroup;
			children = (
				7C9FD9A4131FA7A500FB8BD1 /* save.png */,
				7CCEEB98131B888A004EAD52 /* trashcan.png */,
				92A4ADB4132DBE8D00BAE3AF /* home.png */,
				7CCEEB8E131B7FB9004EAD52 /* record-active.png */,
				7CCEEB90131B7FDE004EAD52 /* stop-active.png */,
				7CCEEB8C131B7FB2004EAD52 /* rewind-active.png */,
				92B182811328AF0300B23C53 /* homebutton.png */,
				7CCEEB8A131B7FA4004EAD52 /* play-active.png */,
				92A3BD5C130D042E0066430F /* connect.png */,
				92A3BD4C130D009C0066430F /* castle.png */,
				928C522A132B5CDA00350205 /* 72pxicon.png */,
				92A3BDE3130D1F7D0066430F /* 72pxicon.png */,
				92F02D2213161F2600D34CD8 /* stop3.png */,
				92B18251132890F400B23C53 /* new_story.png */,
				92A4ADA6132D8CFD00BAE3AF /* face_story_logo.png */,
				92B18252132890F400B23C53 /* open_story.png */,
				92A3BE2B130D26160066430F /* recess.jpg */,
				92B1824F1328903500B23C53 /* recess2.jpg */,
				92F02D1D13161E7600D34CD8 /* stop2.png */,
				92B182571328940400B23C53 /* sunny-field-bg.png */,
				92B182581328940400B23C53 /* space-bg.png */,
				92F02D1F13161E7E00D34CD8 /* record2.png */,
				92F02E0713165E8900D34CD8 /* ocean_bg.png */,
				92F02D2413161FE800D34CD8 /* music.png */,
				92F02D2513161FE800D34CD8 /* play2.png */,
				92F02D2613161FE800D34CD8 /* rewind.png */,
				92A3BE59130D310B0066430F /* stopbutton.png */,
				92A3BE5A130D310B0066430F /* playbutton.png */,
				92D0AEFB131F9FE20020CA51 /* trashcan.png */,
				92A3BE5B130D310B0066430F /* recbutton.png */,
				7CC3E390131C1F610022EC11 /* CS247_iPad.xcdatamodeld */,
				2899E5210DE3E06400AC0155 /* CS247_iPadViewController.xib */,
				28AD733E0D9D9553002E5188 /* MainWindow.xib */,
				8D1107310486CEB800E47090 /* CS247_iPad-Info.plist */,
			);
			name = Resources;
			sourceTree = "<group>";
		};
		29B97323FDCFA39411CA2CEA /* Frameworks */ = {
			isa = PBXGroup;
			children = (
				7CDC042E130CE3B400EA9A46 /* CoreData.framework */,
				1DF5F4DF0D08C38300B7A737 /* UIKit.framework */,
				1D30AB110D05D00D00671497 /* Foundation.framework */,
				288765A40DF7441C002DB57D /* CoreGraphics.framework */,
				92D69CC51303B32E00A8BBDA /* GameKit.framework */,
			);
			name = Frameworks;
			sourceTree = "<group>";
		};
/* End PBXGroup section */

/* Begin PBXNativeTarget section */
		1D6058900D05DD3D006BFB54 /* CS247_iPad */ = {
			isa = PBXNativeTarget;
			buildConfigurationList = 1D6058960D05DD3E006BFB54 /* Build configuration list for PBXNativeTarget "CS247_iPad" */;
			buildPhases = (
				1D60588D0D05DD3D006BFB54 /* Resources */,
				1D60588E0D05DD3D006BFB54 /* Sources */,
				1D60588F0D05DD3D006BFB54 /* Frameworks */,
			);
			buildRules = (
			);
			dependencies = (
			);
			name = CS247_iPad;
			productName = CS247_iPad;
			productReference = 1D6058910D05DD3D006BFB54 /* CS247_iPad.app */;
			productType = "com.apple.product-type.application";
		};
/* End PBXNativeTarget section */

/* Begin PBXProject section */
		29B97313FDCFA39411CA2CEA /* Project object */ = {
			isa = PBXProject;
			buildConfigurationList = C01FCF4E08A954540054247B /* Build configuration list for PBXProject "CS247_iPad" */;
			compatibilityVersion = "Xcode 3.1";
			developmentRegion = English;
			hasScannedForEncodings = 1;
			knownRegions = (
				English,
				Japanese,
				French,
				German,
			);
			mainGroup = 29B97314FDCFA39411CA2CEA /* CustomTemplate */;
			projectDirPath = "";
			projectRoot = "";
			targets = (
				1D6058900D05DD3D006BFB54 /* CS247_iPad */,
			);
		};
/* End PBXProject section */

/* Begin PBXResourcesBuildPhase section */
		1D60588D0D05DD3D006BFB54 /* Resources */ = {
			isa = PBXResourcesBuildPhase;
			buildActionMask = 2147483647;
			files = (
				28AD733F0D9D9553002E5188 /* MainWindow.xib in Resources */,
				2899E5220DE3E06400AC0155 /* CS247_iPadViewController.xib in Resources */,
				92D69CCF1303B3C800A8BBDA /* GameKitCommunicatorViewController.xib in Resources */,
				92A3BD4D130D009C0066430F /* castle.png in Resources */,
				92A3BD5D130D042E0066430F /* connect.png in Resources */,
				92A3BDE4130D1F7D0066430F /* 72pxicon.png in Resources */,
				92A3BE2C130D26160066430F /* recess.jpg in Resources */,
				92A3BE5C130D310B0066430F /* stopbutton.png in Resources */,
				92A3BE5D130D310B0066430F /* playbutton.png in Resources */,
				92A3BE5E130D310B0066430F /* recbutton.png in Resources */,
				92F02D1E13161E7600D34CD8 /* stop2.png in Resources */,
				92F02D2013161E7E00D34CD8 /* record2.png in Resources */,
				92F02D2313161F2600D34CD8 /* stop3.png in Resources */,
				92F02D2713161FE800D34CD8 /* music.png in Resources */,
				92F02D2813161FE800D34CD8 /* play2.png in Resources */,
				92F02D2913161FE800D34CD8 /* rewind.png in Resources */,
				92F02E0813165E8900D34CD8 /* ocean_bg.png in Resources */,
				7CCEEB8B131B7FA4004EAD52 /* play-active.png in Resources */,
				7CCEEB8D131B7FB2004EAD52 /* rewind-active.png in Resources */,
				7CCEEB8F131B7FB9004EAD52 /* record-active.png in Resources */,
				7CCEEB91131B7FDE004EAD52 /* stop-active.png in Resources */,
				7CCEEB99131B888A004EAD52 /* trashcan.png in Resources */,
				7C9FD9A5131FA7A500FB8BD1 /* save.png in Resources */,
				92B1824D13288F3A00B23C53 /* MainMenuViewController.xib in Resources */,
				92B182501328903500B23C53 /* recess2.jpg in Resources */,
				92B18253132890F400B23C53 /* new_story.png in Resources */,
				92B18254132890F400B23C53 /* open_story.png in Resources */,
				92B182591328940400B23C53 /* sunny-field-bg.png in Resources */,
				92B1825A1328940400B23C53 /* space-bg.png in Resources */,
				92B182821328AF0300B23C53 /* homebutton.png in Resources */,
				928C522B132B5CDA00350205 /* 72pxicon.png in Resources */,
				92A4ADA7132D8CFD00BAE3AF /* face_story_logo.png in Resources */,
				92A4ADB5132DBE8D00BAE3AF /* home.png in Resources */,
			);
			runOnlyForDeploymentPostprocessing = 0;
		};
/* End PBXResourcesBuildPhase section */

/* Begin PBXSourcesBuildPhase section */
		1D60588E0D05DD3D006BFB54 /* Sources */ = {
			isa = PBXSourcesBuildPhase;
			buildActionMask = 2147483647;
			files = (
				1D60589B0D05DD56006BFB54 /* main.m in Sources */,
				1D3623260D0F684500981E51 /* CS247_iPadAppDelegate.m in Sources */,
				28D7ACF80DDB3853001CB0EB /* CS247_iPadViewController.m in Sources */,
				92D69CCE1303B3C800A8BBDA /* GameKitCommunicatorViewController.m in Sources */,
				92A3BD12130CEC760066430F /* TouchImageView.m in Sources */,
				92A3BD15130CECB80066430F /* TouchImageView_Private.m in Sources */,
				7CDC04AB130CECF800EA9A46 /* Background.m in Sources */,
				7CDC04AC130CECF800EA9A46 /* Character.m in Sources */,
				7CDC04DE130CF50A00EA9A46 /* Scene.m in Sources */,
				7CC3E392131C1F610022EC11 /* CS247_iPad.xcdatamodeld in Sources */,
				92B1824C13288F3A00B23C53 /* MainMenuViewController.m in Sources */,
			);
			runOnlyForDeploymentPostprocessing = 0;
		};
/* End PBXSourcesBuildPhase section */

/* Begin XCBuildConfiguration section */
		1D6058940D05DD3E006BFB54 /* Debug */ = {
			isa = XCBuildConfiguration;
			buildSettings = {
				ALWAYS_SEARCH_USER_PATHS = NO;
				"CODE_SIGN_IDENTITY[sdk=iphoneos*]" = "iPhone Developer";
				COPY_PHASE_STRIP = NO;
				GCC_DYNAMIC_NO_PIC = NO;
				GCC_OPTIMIZATION_LEVEL = 0;
				GCC_PRECOMPILE_PREFIX_HEADER = YES;
				GCC_PREFIX_HEADER = CS247_iPad_Prefix.pch;
				INFOPLIST_FILE = "CS247_iPad-Info.plist";
				PRODUCT_NAME = CS247_iPad;
				"PROVISIONING_PROFILE[sdk=iphoneos*]" = "";
				VALID_ARCHS = armv6;
			};
			name = Debug;
		};
		1D6058950D05DD3E006BFB54 /* Release */ = {
			isa = XCBuildConfiguration;
			buildSettings = {
				ALWAYS_SEARCH_USER_PATHS = NO;
				COPY_PHASE_STRIP = YES;
				GCC_PRECOMPILE_PREFIX_HEADER = YES;
				GCC_PREFIX_HEADER = CS247_iPad_Prefix.pch;
				INFOPLIST_FILE = "CS247_iPad-Info.plist";
				PRODUCT_NAME = CS247_iPad;
				VALIDATE_PRODUCT = YES;
			};
			name = Release;
		};
		C01FCF4F08A954540054247B /* Debug */ = {
			isa = XCBuildConfiguration;
			buildSettings = {
				ARCHS = "$(ARCHS_STANDARD_32_BIT)";
				"CODE_SIGN_IDENTITY[sdk=iphoneos*]" = "iPhone Developer";
				GCC_C_LANGUAGE_STANDARD = c99;
				GCC_WARN_ABOUT_RETURN_TYPE = YES;
				GCC_WARN_UNUSED_VARIABLE = YES;
				PREBINDING = NO;
				SDKROOT = iphoneos;
				TARGETED_DEVICE_FAMILY = 2;
			};
			name = Debug;
		};
		C01FCF5008A954540054247B /* Release */ = {
			isa = XCBuildConfiguration;
			buildSettings = {
				ARCHS = "$(ARCHS_STANDARD_32_BIT)";
				"CODE_SIGN_IDENTITY[sdk=iphoneos*]" = "iPhone Developer";
				GCC_C_LANGUAGE_STANDARD = c99;
				GCC_WARN_ABOUT_RETURN_TYPE = YES;
				GCC_WARN_UNUSED_VARIABLE = YES;
				OTHER_CFLAGS = "-DNS_BLOCK_ASSERTIONS=1";
				PREBINDING = NO;
				SDKROOT = iphoneos;
			};
			name = Release;
		};
/* End XCBuildConfiguration section */

/* Begin XCConfigurationList section */
		1D6058960D05DD3E006BFB54 /* Build configuration list for PBXNativeTarget "CS247_iPad" */ = {
			isa = XCConfigurationList;
			buildConfigurations = (
				1D6058940D05DD3E006BFB54 /* Debug */,
				1D6058950D05DD3E006BFB54 /* Release */,
			);
			defaultConfigurationIsVisible = 0;
			defaultConfigurationName = Release;
		};
		C01FCF4E08A954540054247B /* Build configuration list for PBXProject "CS247_iPad" */ = {
			isa = XCConfigurationList;
			buildConfigurations = (
				C01FCF4F08A954540054247B /* Debug */,
				C01FCF5008A954540054247B /* Release */,
			);
			defaultConfigurationIsVisible = 0;
			defaultConfigurationName = Release;
		};
/* End XCConfigurationList section */

/* Begin XCVersionGroup section */
		7CC3E390131C1F610022EC11 /* CS247_iPad.xcdatamodeld */ = {
			isa = XCVersionGroup;
			children = (
				7CC3E391131C1F610022EC11 /* CS247_iPad.xcdatamodel */,
			);
			currentVersion = 7CC3E391131C1F610022EC11 /* CS247_iPad.xcdatamodel */;
			path = CS247_iPad.xcdatamodeld;
			sourceTree = "<group>";
			versionGroupType = wrapper.xcdatamodel;
		};
/* End XCVersionGroup section */
	};
	rootObject = 29B97313FDCFA39411CA2CEA /* Project object */;
}
